
Microsoft Visual Studio Solution File, Format Version 12.00
# Visual Studio Version 16
VisualStudioVersion = 16.0.31410.357
MinimumVisualStudioVersion = 10.0.40219.1
Project("{FAE04EC0-301F-11D3-BF4B-00C04F79EFBC}") = "Switch_Case", "Switch_Case\Switch_Case.csproj", "{EAD732CC-7F21-4E50-AC1F-7082BA500EC4}"
EndProject
Global
	GlobalSection(SolutionConfigurationPlatforms) = preSolution
		Debug|Any CPU = Debug|Any CPU
		Release|Any CPU = Release|Any CPU
	EndGlobalSection
	GlobalSection(ProjectConfigurationPlatforms) = postSolution
		{EAD732CC-7F21-4E50-AC1F-7082BA500EC4}.Debug|Any CPU.ActiveCfg = Debug|Any CPU
		{EAD732CC-7F21-4E50-AC1F-7082BA500EC4}.Debug|Any CPU.Build.0 = Debug|Any CPU
		{EAD732CC-7F21-4E50-AC1F-7082BA500EC4}.Release|Any CPU.ActiveCfg = Release|Any CPU
		{EAD732CC-7F21-4E50-AC1F-7082BA500EC4}.Release|Any CPU.Build.0 = Release|Any CPU
	EndGlobalSection
	GlobalSection(SolutionProperties) = preSolution
		HideSolutionNode = FALSE
	EndGlobalSection
	GlobalSection(ExtensibilityGlobals) = postSolution
		SolutionGuid = {DD4BBCA7-3A81-4D44-8198-BD2C35AFB3C1}
	EndGlobalSection
EndGlobal
